
Microsoft Visual Studio Solution File, Format Version 11.00
# Visual Studio 2010
Project("{FAE04EC0-301F-11D3-BF4B-00C04F79EFBC}") = "Decorator", "Decorator\Decorator.csproj", "{554D2503-5BF0-4323-8A17-AB3E6E6844A5}"
EndProject
Global
	GlobalSection(SolutionConfigurationPlatforms) = preSolution
		Debug|x86 = Debug|x86
		Release|x86 = Release|x86
	EndGlobalSection
	GlobalSection(ProjectConfigurationPlatforms) = postSolution
		{554D2503-5BF0-4323-8A17-AB3E6E6844A5}.Debug|x86.ActiveCfg = Debug|x86
		{554D2503-5BF0-4323-8A17-AB3E6E6844A5}.Debug|x86.Build.0 = Debug|x86
		{554D2503-5BF0-4323-8A17-AB3E6E6844A5}.Release|x86.ActiveCfg = Release|x86
		{554D2503-5BF0-4323-8A17-AB3E6E6844A5}.Release|x86.Build.0 = Release|x86
	EndGlobalSection
	GlobalSection(MonoDevelopProperties) = preSolution
		StartupItem = Decorator\Decorator.csproj
	EndGlobalSection
EndGlobal
